
Microsoft Visual Studio Solution File, Format Version 12.00
# Visual Studio Version 16
VisualStudioVersion = 16.0.30804.86
MinimumVisualStudioVersion = 10.0.40219.1
Project("{9A19103F-16F7-4668-BE54-9A1E7A4F7556}") = "CCGFileConverter", "CCGFileConverter.csproj", "{165A77ED-459C-41A4-A845-50D4FE8EB65D}"
EndProject
Project("{FAE04EC0-301F-11D3-BF4B-00C04F79EFBC}") = "CCGFileConverterUnitTests", "..\CCGFileConverterUnitTests\CCGFileConverterUnitTests.csproj", "{F2DCA3CB-F701-4107-98A9-8C6DCCF71C49}"
EndProject
Global
	GlobalSection(SolutionConfigurationPlatforms) = preSolution
		Debug|Any CPU = Debug|Any CPU
		Release|Any CPU = Release|Any CPU
	EndGlobalSection
	GlobalSection(ProjectConfigurationPlatforms) = postSolution
		{165A77ED-459C-41A4-A845-50D4FE8EB65D}.Debug|Any CPU.ActiveCfg = Debug|Any CPU
		{165A77ED-459C-41A4-A845-50D4FE8EB65D}.Debug|Any CPU.Build.0 = Debug|Any CPU
		{165A77ED-459C-41A4-A845-50D4FE8EB65D}.Release|Any CPU.ActiveCfg = Release|Any CPU
		{165A77ED-459C-41A4-A845-50D4FE8EB65D}.Release|Any CPU.Build.0 = Release|Any CPU
		{F2DCA3CB-F701-4107-98A9-8C6DCCF71C49}.Debug|Any CPU.ActiveCfg = Debug|Any CPU
		{F2DCA3CB-F701-4107-98A9-8C6DCCF71C49}.Debug|Any CPU.Build.0 = Debug|Any CPU
		{F2DCA3CB-F701-4107-98A9-8C6DCCF71C49}.Release|Any CPU.ActiveCfg = Release|Any CPU
		{F2DCA3CB-F701-4107-98A9-8C6DCCF71C49}.Release|Any CPU.Build.0 = Release|Any CPU
	EndGlobalSection
	GlobalSection(SolutionProperties) = preSolution
		HideSolutionNode = FALSE
	EndGlobalSection
	GlobalSection(ExtensibilityGlobals) = postSolution
		SolutionGuid = {1895A512-330F-408F-B210-16A65CDD1FE0}
	EndGlobalSection
EndGlobal
